
Microsoft Visual Studio Solution File, Format Version 12.00
# Visual Studio 14
VisualStudioVersion = 14.0.25123.0
MinimumVisualStudioVersion = 10.0.40219.1
Project("{FAE04EC0-301F-11D3-BF4B-00C04F79EFBC}") = "SimpleSSO", "src\SimpleSSO\SimpleSSO.csproj", "{ADD63F19-9114-4F9A-A2AF-3C1BE2D3E8DD}"
EndProject
Project("{2150E333-8FDC-42A3-9474-1A3956D46DE8}") = "document", "document", "{3EA0C0D3-852F-4C69-B4C6-44FD1E74DB3F}"
EndProject
Project("{FAE04EC0-301F-11D3-BF4B-00C04F79EFBC}") = "SimpleSSO.Domain", "src\SimpleSSO.Domain\SimpleSSO.Domain.csproj", "{54AF258D-90AE-4242-9280-51C887CF6510}"
EndProject
Project("{FAE04EC0-301F-11D3-BF4B-00C04F79EFBC}") = "SimpleSSO.EFRepositories", "src\SimpleSSO.EFRepositories\SimpleSSO.EFRepositories.csproj", "{B9B4590F-B6BE-47ED-996F-8B0852054A17}"
EndProject
Project("{2150E333-8FDC-42A3-9474-1A3956D46DE8}") = "src", "src", "{36F826B7-0183-4660-B50C-9DB1C8DE01E6}"
EndProject
Project("{FAE04EC0-301F-11D3-BF4B-00C04F79EFBC}") = "SimpleSSO.Application", "src\SimpleSSOApplication\SimpleSSO.Application.csproj", "{28C56551-DD48-4C66-8E2D-D09159137926}"
EndProject
Project("{FAE04EC0-301F-11D3-BF4B-00C04F79EFBC}") = "FreeBird.Infrastructure", "src\FreeBird.Infrastructure\FreeBird.Infrastructure.csproj", "{FF6C280A-783E-4717-966E-7B4F7F42E320}"
EndProject
Project("{2150E333-8FDC-42A3-9474-1A3956D46DE8}") = "test", "test", "{04C8ED6B-7171-4B68-B9A5-505F08EB1F42}"
EndProject
Project("{FAE04EC0-301F-11D3-BF4B-00C04F79EFBC}") = "SimpleSSO.DTO", "src\SimpleSSO.DTO\SimpleSSO.DTO.csproj", "{C6474399-2D0E-4BFA-96AF-2747F328EBCD}"
EndProject
Project("{FAE04EC0-301F-11D3-BF4B-00C04F79EFBC}") = "SimpleSSOTest", "test\SimpleSSOTest\SimpleSSOTest.csproj", "{98899779-0BBA-420C-9783-6B272DF068CE}"
EndProject
Project("{FAE04EC0-301F-11D3-BF4B-00C04F79EFBC}") = "Microsoft.Owin.Security.SimpleSSO", "src\SimpleSSO.Owin.Security.SimpleSSO\Microsoft.Owin.Security.SimpleSSO.csproj", "{686B8B04-D623-4D1D-8A23-AF60C9A8A07D}"
EndProject
Global
	GlobalSection(SolutionConfigurationPlatforms) = preSolution
		Debug|Any CPU = Debug|Any CPU
		Release|Any CPU = Release|Any CPU
	EndGlobalSection
	GlobalSection(ProjectConfigurationPlatforms) = postSolution
		{ADD63F19-9114-4F9A-A2AF-3C1BE2D3E8DD}.Debug|Any CPU.ActiveCfg = Debug|Any CPU
		{ADD63F19-9114-4F9A-A2AF-3C1BE2D3E8DD}.Debug|Any CPU.Build.0 = Debug|Any CPU
		{ADD63F19-9114-4F9A-A2AF-3C1BE2D3E8DD}.Release|Any CPU.ActiveCfg = Release|Any CPU
		{ADD63F19-9114-4F9A-A2AF-3C1BE2D3E8DD}.Release|Any CPU.Build.0 = Release|Any CPU
		{54AF258D-90AE-4242-9280-51C887CF6510}.Debug|Any CPU.ActiveCfg = Debug|Any CPU
		{54AF258D-90AE-4242-9280-51C887CF6510}.Debug|Any CPU.Build.0 = Debug|Any CPU
		{54AF258D-90AE-4242-9280-51C887CF6510}.Release|Any CPU.ActiveCfg = Release|Any CPU
		{54AF258D-90AE-4242-9280-51C887CF6510}.Release|Any CPU.Build.0 = Release|Any CPU
		{B9B4590F-B6BE-47ED-996F-8B0852054A17}.Debug|Any CPU.ActiveCfg = Debug|Any CPU
		{B9B4590F-B6BE-47ED-996F-8B0852054A17}.Debug|Any CPU.Build.0 = Debug|Any CPU
		{B9B4590F-B6BE-47ED-996F-8B0852054A17}.Release|Any CPU.ActiveCfg = Release|Any CPU
		{B9B4590F-B6BE-47ED-996F-8B0852054A17}.Release|Any CPU.Build.0 = Release|Any CPU
		{28C56551-DD48-4C66-8E2D-D09159137926}.Debug|Any CPU.ActiveCfg = Debug|Any CPU
		{28C56551-DD48-4C66-8E2D-D09159137926}.Debug|Any CPU.Build.0 = Debug|Any CPU
		{28C56551-DD48-4C66-8E2D-D09159137926}.Release|Any CPU.ActiveCfg = Release|Any CPU
		{28C56551-DD48-4C66-8E2D-D09159137926}.Release|Any CPU.Build.0 = Release|Any CPU
		{FF6C280A-783E-4717-966E-7B4F7F42E320}.Debug|Any CPU.ActiveCfg = Debug|Any CPU
		{FF6C280A-783E-4717-966E-7B4F7F42E320}.Debug|Any CPU.Build.0 = Debug|Any CPU
		{FF6C280A-783E-4717-966E-7B4F7F42E320}.Release|Any CPU.ActiveCfg = Release|Any CPU
		{FF6C280A-783E-4717-966E-7B4F7F42E320}.Release|Any CPU.Build.0 = Release|Any CPU
		{C6474399-2D0E-4BFA-96AF-2747F328EBCD}.Debug|Any CPU.ActiveCfg = Debug|Any CPU
		{C6474399-2D0E-4BFA-96AF-2747F328EBCD}.Debug|Any CPU.Build.0 = Debug|Any CPU
		{C6474399-2D0E-4BFA-96AF-2747F328EBCD}.Release|Any CPU.ActiveCfg = Release|Any CPU
		{C6474399-2D0E-4BFA-96AF-2747F328EBCD}.Release|Any CPU.Build.0 = Release|Any CPU
		{98899779-0BBA-420C-9783-6B272DF068CE}.Debug|Any CPU.ActiveCfg = Debug|Any CPU
		{98899779-0BBA-420C-9783-6B272DF068CE}.Debug|Any CPU.Build.0 = Debug|Any CPU
		{98899779-0BBA-420C-9783-6B272DF068CE}.Release|Any CPU.ActiveCfg = Release|Any CPU
		{98899779-0BBA-420C-9783-6B272DF068CE}.Release|Any CPU.Build.0 = Release|Any CPU
		{686B8B04-D623-4D1D-8A23-AF60C9A8A07D}.Debug|Any CPU.ActiveCfg = Debug|Any CPU
		{686B8B04-D623-4D1D-8A23-AF60C9A8A07D}.Debug|Any CPU.Build.0 = Debug|Any CPU
		{686B8B04-D623-4D1D-8A23-AF60C9A8A07D}.Release|Any CPU.ActiveCfg = Release|Any CPU
		{686B8B04-D623-4D1D-8A23-AF60C9A8A07D}.Release|Any CPU.Build.0 = Release|Any CPU
	EndGlobalSection
	GlobalSection(SolutionProperties) = preSolution
		HideSolutionNode = FALSE
	EndGlobalSection
	GlobalSection(NestedProjects) = preSolution
		{ADD63F19-9114-4F9A-A2AF-3C1BE2D3E8DD} = {36F826B7-0183-4660-B50C-9DB1C8DE01E6}
		{54AF258D-90AE-4242-9280-51C887CF6510} = {36F826B7-0183-4660-B50C-9DB1C8DE01E6}
		{B9B4590F-B6BE-47ED-996F-8B0852054A17} = {36F826B7-0183-4660-B50C-9DB1C8DE01E6}
		{28C56551-DD48-4C66-8E2D-D09159137926} = {36F826B7-0183-4660-B50C-9DB1C8DE01E6}
		{FF6C280A-783E-4717-966E-7B4F7F42E320} = {36F826B7-0183-4660-B50C-9DB1C8DE01E6}
		{C6474399-2D0E-4BFA-96AF-2747F328EBCD} = {36F826B7-0183-4660-B50C-9DB1C8DE01E6}
		{98899779-0BBA-420C-9783-6B272DF068CE} = {04C8ED6B-7171-4B68-B9A5-505F08EB1F42}
		{686B8B04-D623-4D1D-8A23-AF60C9A8A07D} = {36F826B7-0183-4660-B50C-9DB1C8DE01E6}
	EndGlobalSection
EndGlobal
